// !$*UTF8*$!
{
	archiveVersion = 1;
	classes = {
	};
	objectVersion = 46;
	objects = {

/* Begin PBXBuildFile section */
		6D9D60621C882C8D0036071B /* SwitchAlertActionViewController.swift in Sources */ = {isa = PBXBuildFile; fileRef = 6D9D60601C882C8D0036071B /* SwitchAlertActionViewController.swift */; };
		6D9D60631C882C8D0036071B /* SwitchAlertActionViewController.xib in Resources */ = {isa = PBXBuildFile; fileRef = 6D9D60611C882C8D0036071B /* SwitchAlertActionViewController.xib */; };
		944BDD621C79B5A500C0DAB6 /* Assets.xcassets in Resources */ = {isa = PBXBuildFile; fileRef = 944BDD571C79B5A500C0DAB6 /* Assets.xcassets */; };
		944BDD631C79B5A500C0DAB6 /* AppDelegate.swift in Sources */ = {isa = PBXBuildFile; fileRef = 944BDD591C79B5A500C0DAB6 /* AppDelegate.swift */; };
		944BDD641C79B5A500C0DAB6 /* ViewController.swift in Sources */ = {isa = PBXBuildFile; fileRef = 944BDD5A1C79B5A500C0DAB6 /* ViewController.swift */; };
		944BDD661C79B5A500C0DAB6 /* LaunchScreen.storyboard in Resources */ = {isa = PBXBuildFile; fileRef = 944BDD5E1C79B5A500C0DAB6 /* LaunchScreen.storyboard */; };
		944BDD671C79B5A500C0DAB6 /* Main.storyboard in Resources */ = {isa = PBXBuildFile; fileRef = 944BDD601C79B5A500C0DAB6 /* Main.storyboard */; };
		944BDD6B1C79B63500C0DAB6 /* image1.png in Resources */ = {isa = PBXBuildFile; fileRef = 944BDD681C79B63500C0DAB6 /* image1.png */; };
		944BDD6C1C79B63500C0DAB6 /* image2.png in Resources */ = {isa = PBXBuildFile; fileRef = 944BDD691C79B63500C0DAB6 /* image2.png */; };
		944BDD6D1C79B63500C0DAB6 /* image3.png in Resources */ = {isa = PBXBuildFile; fileRef = 944BDD6A1C79B63500C0DAB6 /* image3.png */; };
/* End PBXBuildFile section */

/* Begin PBXFileReference section */
		6D9D60601C882C8D0036071B /* SwitchAlertActionViewController.swift */ = {isa = PBXFileReference; fileEncoding = 4; lastKnownFileType = sourcecode.swift; path = SwitchAlertActionViewController.swift; sourceTree = "<group>"; };
		6D9D60611C882C8D0036071B /* SwitchAlertActionViewController.xib */ = {isa = PBXFileReference; fileEncoding = 4; lastKnownFileType = file.xib; path = SwitchAlertActionViewController.xib; sourceTree = "<group>"; };
		944BDD571C79B5A500C0DAB6 /* Assets.xcassets */ = {isa = PBXFileReference; lastKnownFileType = folder.assetcatalog; path = Assets.xcassets; sourceTree = "<group>"; };
		944BDD591C79B5A500C0DAB6 /* AppDelegate.swift */ = {isa = PBXFileReference; fileEncoding = 4; lastKnownFileType = sourcecode.swift; path = AppDelegate.swift; sourceTree = "<group>"; };
		944BDD5A1C79B5A500C0DAB6 /* ViewController.swift */ = {isa = PBXFileReference; fileEncoding = 4; lastKnownFileType = sourcecode.swift; path = ViewController.swift; sourceTree = "<group>"; };
		944BDD5C1C79B5A500C0DAB6 /* Info.plist */ = {isa = PBXFileReference; fileEncoding = 4; lastKnownFileType = text.plist.xml; path = Info.plist; sourceTree = "<group>"; };
		944BDD5F1C79B5A500C0DAB6 /* Base */ = {isa = PBXFileReference; lastKnownFileType = file.storyboard; name = Base; path = Base.lproj/LaunchScreen.storyboard; sourceTree = "<group>"; };
		944BDD611C79B5A500C0DAB6 /* Base */ = {isa = PBXFileReference; lastKnownFileType = file.storyboard; name = Base; path = Base.lproj/Main.storyboard; sourceTree = "<group>"; };
		944BDD681C79B63500C0DAB6 /* image1.png */ = {isa = PBXFileReference; lastKnownFileType = image.png; path = image1.png; sourceTree = "<group>"; };
		944BDD691C79B63500C0DAB6 /* image2.png */ = {isa = PBXFileReference; lastKnownFileType = image.png; path = image2.png; sourceTree = "<group>"; };
		944BDD6A1C79B63500C0DAB6 /* image3.png */ = {isa = PBXFileReference; lastKnownFileType = image.png; path = image3.png; sourceTree = "<group>"; };
		949318091C763EF10021384C /* AlertControllerCustomization.app */ = {isa = PBXFileReference; explicitFileType = wrapper.application; includeInIndex = 0; path = AlertControllerCustomization.app; sourceTree = BUILT_PRODUCTS_DIR; };
/* End PBXFileReference section */

/* Begin PBXFrameworksBuildPhase section */
		949318061C763EF10021384C /* Frameworks */ = {
			isa = PBXFrameworksBuildPhase;
			buildActionMask = 2147483647;
			files = (
			);
			runOnlyForDeploymentPostprocessing = 0;
		};
/* End PBXFrameworksBuildPhase section */

/* Begin PBXGroup section */
		944BDD561C79B5A500C0DAB6 /* Resources */ = {
			isa = PBXGroup;
			children = (
				944BDD681C79B63500C0DAB6 /* image1.png */,
				944BDD691C79B63500C0DAB6 /* image2.png */,
				944BDD6A1C79B63500C0DAB6 /* image3.png */,
				944BDD571C79B5A500C0DAB6 /* Assets.xcassets */,
			);
			path = Resources;
			sourceTree = "<group>";
		};
		944BDD581C79B5A500C0DAB6 /* Sources */ = {
			isa = PBXGroup;
			children = (
				6D9D60601C882C8D0036071B /* SwitchAlertActionViewController.swift */,
				6D9D60611C882C8D0036071B /* SwitchAlertActionViewController.xib */,
				944BDD591C79B5A500C0DAB6 /* AppDelegate.swift */,
				944BDD5A1C79B5A500C0DAB6 /* ViewController.swift */,
			);
			path = Sources;
			sourceTree = "<group>";
		};
		944BDD5B1C79B5A500C0DAB6 /* Supporting Files */ = {
			isa = PBXGroup;
			children = (
				944BDD5C1C79B5A500C0DAB6 /* Info.plist */,
			);
			path = "Supporting Files";
			sourceTree = "<group>";
		};
		944BDD5D1C79B5A500C0DAB6 /* UI */ = {
			isa = PBXGroup;
			children = (
				944BDD5E1C79B5A500C0DAB6 /* LaunchScreen.storyboard */,
				944BDD601C79B5A500C0DAB6 /* Main.storyboard */,
			);
			path = UI;
			sourceTree = "<group>";
		};
		949318001C763EF10021384C = {
			isa = PBXGroup;
			children = (
				9493180B1C763EF10021384C /* AlertControllerCustomization */,
				9493180A1C763EF10021384C /* Products */,
			);
			sourceTree = "<group>";
		};
		9493180A1C763EF10021384C /* Products */ = {
			isa = PBXGroup;
			children = (
				949318091C763EF10021384C /* AlertControllerCustomization.app */,
			);
			name = Products;
			sourceTree = "<group>";
		};
		9493180B1C763EF10021384C /* AlertControllerCustomization */ = {
			isa = PBXGroup;
			children = (
				944BDD581C79B5A500C0DAB6 /* Sources */,
				944BDD5D1C79B5A500C0DAB6 /* UI */,
				944BDD561C79B5A500C0DAB6 /* Resources */,
				944BDD5B1C79B5A500C0DAB6 /* Supporting Files */,
			);
			path = AlertControllerCustomization;
			sourceTree = "<group>";
		};
/* End PBXGroup section */

/* Begin PBXNativeTarget section */
		949318081C763EF10021384C /* AlertControllerCustomization */ = {
			isa = PBXNativeTarget;
			buildConfigurationList = 9493181B1C763EF10021384C /* Build configuration list for PBXNativeTarget "AlertControllerCustomization" */;
			buildPhases = (
				949318051C763EF10021384C /* Sources */,
				949318061C763EF10021384C /* Frameworks */,
				949318071C763EF10021384C /* Resources */,
			);
			buildRules = (
			);
			dependencies = (
			);
			name = AlertControllerCustomization;
			productName = AlertControllerCustomization;
			productReference = 949318091C763EF10021384C /* AlertControllerCustomization.app */;
			productType = "com.apple.product-type.application";
		};
/* End PBXNativeTarget section */

/* Begin PBXProject section */
		949318011C763EF10021384C /* Project object */ = {
			isa = PBXProject;
			attributes = {
				LastSwiftUpdateCheck = 0720;
				LastUpgradeCheck = 0720;
				ORGANIZATIONNAME = "Maxim Bilan";
				TargetAttributes = {
					949318081C763EF10021384C = {
						CreatedOnToolsVersion = 7.2.1;
					};
				};
			};
			buildConfigurationList = 949318041C763EF10021384C /* Build configuration list for PBXProject "AlertControllerCustomization" */;
			compatibilityVersion = "Xcode 3.2";
			developmentRegion = English;
			hasScannedForEncodings = 0;
			knownRegions = (
				en,
				Base,
			);
			mainGroup = 949318001C763EF10021384C;
			productRefGroup = 9493180A1C763EF10021384C /* Products */;
			projectDirPath = "";
			projectRoot = "";
			targets = (
				949318081C763EF10021384C /* AlertControllerCustomization */,
			);
		};
/* End PBXProject section */

/* Begin PBXResourcesBuildPhase section */
		949318071C763EF10021384C /* Resources */ = {
			isa = PBXResourcesBuildPhase;
			buildActionMask = 2147483647;
			files = (
				6D9D60631C882C8D0036071B /* SwitchAlertActionViewController.xib in Resources */,
				944BDD661C79B5A500C0DAB6 /* LaunchScreen.storyboard in Resources */,
				944BDD6D1C79B63500C0DAB6 /* image3.png in Resources */,
				944BDD6C1C79B63500C0DAB6 /* image2.png in Resources */,
				944BDD6B1C79B63500C0DAB6 /* image1.png in Resources */,
				944BDD621C79B5A500C0DAB6 /* Assets.xcassets in Resources */,
				944BDD671C79B5A500C0DAB6 /* Main.storyboard in Resources */,
			);
			runOnlyForDeploymentPostprocessing = 0;
		};
/* End PBXResourcesBuildPhase section */

/* Begin PBXSourcesBuildPhase section */
		949318051C763EF10021384C /* Sources */ = {
			isa = PBXSourcesBuildPhase;
			buildActionMask = 2147483647;
			files = (
				6D9D60621C882C8D0036071B /* SwitchAlertActionViewController.swift in Sources */,
				944BDD641C79B5A500C0DAB6 /* ViewController.swift in Sources */,
				944BDD631C79B5A500C0DAB6 /* AppDelegate.swift in Sources */,
			);
			runOnlyForDeploymentPostprocessing = 0;
		};
/* End PBXSourcesBuildPhase section */

/* Begin PBXVariantGroup section */
		944BDD5E1C79B5A500C0DAB6 /* LaunchScreen.storyboard */ = {
			isa = PBXVariantGroup;
			children = (
				944BDD5F1C79B5A500C0DAB6 /* Base */,
			);
			name = LaunchScreen.storyboard;
			sourceTree = "<group>";
		};
		944BDD601C79B5A500C0DAB6 /* Main.storyboard */ = {
			isa = PBXVariantGroup;
			children = (
				944BDD611C79B5A500C0DAB6 /* Base */,
			);
			name = Main.storyboard;
			sourceTree = "<group>";
		};
/* End PBXVariantGroup section */

/* Begin XCBuildConfiguration section */
		949318191C763EF10021384C /* Debug */ = {
			isa = XCBuildConfiguration;
			buildSettings = {
				ALWAYS_SEARCH_USER_PATHS = NO;
				CLANG_CXX_LANGUAGE_STANDARD = "gnu++0x";
				CLANG_CXX_LIBRARY = "libc++";
				CLANG_ENABLE_MODULES = YES;
				CLANG_ENABLE_OBJC_ARC = YES;
				CLANG_WARN_BOOL_CONVERSION = YES;
				CLANG_WARN_CONSTANT_CONVERSION = YES;
				CLANG_WARN_DIRECT_OBJC_ISA_USAGE = YES_ERROR;
				CLANG_WARN_EMPTY_BODY = YES;
				CLANG_WARN_ENUM_CONVERSION = YES;
				CLANG_WARN_INT_CONVERSION = YES;
				CLANG_WARN_OBJC_ROOT_CLASS = YES_ERROR;
				CLANG_WARN_UNREACHABLE_CODE = YES;
				CLANG_WARN__DUPLICATE_METHOD_MATCH = YES;
				"CODE_SIGN_IDENTITY[sdk=iphoneos*]" = "iPhone Developer";
				COPY_PHASE_STRIP = NO;
				DEBUG_INFORMATION_FORMAT = dwarf;
				ENABLE_STRICT_OBJC_MSGSEND = YES;
				ENABLE_TESTABILITY = YES;
				GCC_C_LANGUAGE_STANDARD = gnu99;
				GCC_DYNAMIC_NO_PIC = NO;
				GCC_NO_COMMON_BLOCKS = YES;
				GCC_OPTIMIZATION_LEVEL = 0;
				GCC_PREPROCESSOR_DEFINITIONS = (
					"DEBUG=1",
					"$(inherited)",
				);
				GCC_WARN_64_TO_32_BIT_CONVERSION = YES;
				GCC_WARN_ABOUT_RETURN_TYPE = YES_ERROR;
				GCC_WARN_UNDECLARED_SELECTOR = YES;
				GCC_WARN_UNINITIALIZED_AUTOS = YES_AGGRESSIVE;
				GCC_WARN_UNUSED_FUNCTION = YES;
				GCC_WARN_UNUSED_VARIABLE = YES;
				IPHONEOS_DEPLOYMENT_TARGET = 9.2;
				MTL_ENABLE_DEBUG_INFO = YES;
				ONLY_ACTIVE_ARCH = YES;
				SDKROOT = iphoneos;
				SWIFT_OPTIMIZATION_LEVEL = "-Onone";
				TARGETED_DEVICE_FAMILY = "1,2";
			};
			name = Debug;
		};
		9493181A1C763EF10021384C /* Release */ = {
			isa = XCBuildConfiguration;
			buildSettings = {
				ALWAYS_SEARCH_USER_PATHS = NO;
				CLANG_CXX_LANGUAGE_STANDARD = "gnu++0x";
				CLANG_CXX_LIBRARY = "libc++";
				CLANG_ENABLE_MODULES = YES;
				CLANG_ENABLE_OBJC_ARC = YES;
				CLANG_WARN_BOOL_CONVERSION = YES;
				CLANG_WARN_CONSTANT_CONVERSION = YES;
				CLANG_WARN_DIRECT_OBJC_ISA_USAGE = YES_ERROR;
				CLANG_WARN_EMPTY_BODY = YES;
				CLANG_WARN_ENUM_CONVERSION = YES;
				CLANG_WARN_INT_CONVERSION = YES;
				CLANG_WARN_OBJC_ROOT_CLASS = YES_ERROR;
				CLANG_WARN_UNREACHABLE_CODE = YES;
				CLANG_WARN__DUPLICATE_METHOD_MATCH = YES;
				"CODE_SIGN_IDENTITY[sdk=iphoneos*]" = "iPhone Developer";
				COPY_PHASE_STRIP = NO;
				DEBUG_INFORMATION_FORMAT = "dwarf-with-dsym";
				ENABLE_NS_ASSERTIONS = NO;
				ENABLE_STRICT_OBJC_MSGSEND = YES;
				GCC_C_LANGUAGE_STANDARD = gnu99;
				GCC_NO_COMMON_BLOCKS = YES;
				GCC_WARN_64_TO_32_BIT_CONVERSION = YES;
				GCC_WARN_ABOUT_RETURN_TYPE = YES_ERROR;
				GCC_WARN_UNDECLARED_SELECTOR = YES;
				GCC_WARN_UNINITIALIZED_AUTOS = YES_AGGRESSIVE;
				GCC_WARN_UNUSED_FUNCTION = YES;
				GCC_WARN_UNUSED_VARIABLE = YES;
				IPHONEOS_DEPLOYMENT_TARGET = 9.2;
				MTL_ENABLE_DEBUG_INFO = NO;
				SDKROOT = iphoneos;
				TARGETED_DEVICE_FAMILY = "1,2";
				VALIDATE_PRODUCT = YES;
			};
			name = Release;
		};
		9493181C1C763EF10021384C /* Debug */ = {
			isa = XCBuildConfiguration;
			buildSettings = {
				ASSETCATALOG_COMPILER_APPICON_NAME = AppIcon;
				INFOPLIST_FILE = "$(SRCROOT)/AlertControllerCustomization/Supporting Files/Info.plist";
				LD_RUNPATH_SEARCH_PATHS = "$(inherited) @executable_path/Frameworks";
				PRODUCT_BUNDLE_IDENTIFIER = com.maximbilan.AlertControllerCustomization;
				PRODUCT_NAME = "$(TARGET_NAME)";
			};
			name = Debug;
		};
		9493181D1C763EF10021384C /* Release */ = {
			isa = XCBuildConfiguration;
			buildSettings = {
				ASSETCATALOG_COMPILER_APPICON_NAME = AppIcon;
				INFOPLIST_FILE = "$(SRCROOT)/AlertControllerCustomization/Supporting Files/Info.plist";
				LD_RUNPATH_SEARCH_PATHS = "$(inherited) @executable_path/Frameworks";
				PRODUCT_BUNDLE_IDENTIFIER = com.maximbilan.AlertControllerCustomization;
				PRODUCT_NAME = "$(TARGET_NAME)";
			};
			name = Release;
		};
/* End XCBuildConfiguration section */

/* Begin XCConfigurationList section */
		949318041C763EF10021384C /* Build configuration list for PBXProject "AlertControllerCustomization" */ = {
			isa = XCConfigurationList;
			buildConfigurations = (
				949318191C763EF10021384C /* Debug */,
				9493181A1C763EF10021384C /* Release */,
			);
			defaultConfigurationIsVisible = 0;
			defaultConfigurationName = Release;
		};
		9493181B1C763EF10021384C /* Build configuration list for PBXNativeTarget "AlertControllerCustomization" */ = {
			isa = XCConfigurationList;
			buildConfigurations = (
				9493181C1C763EF10021384C /* Debug */,
				9493181D1C763EF10021384C /* Release */,
			);
			defaultConfigurationIsVisible = 0;
			defaultConfigurationName = Release;
		};
/* End XCConfigurationList section */
	};
	rootObject = 949318011C763EF10021384C /* Project object */;
}
